
Microsoft Visual Studio Solution File, Format Version 12.00
# Visual Studio Version 17
VisualStudioVersion = 17.4.33205.214
MinimumVisualStudioVersion = 10.0.40219.1
Project("{FAE04EC0-301F-11D3-BF4B-00C04F79EFBC}") = "Polymorphism, casting", "Polymorphism, casting\Polymorphism, casting.csproj", "{D49D824B-81EA-4A46-9F8B-0ED12A529782}"
EndProject
Global
	GlobalSection(SolutionConfigurationPlatforms) = preSolution
		Debug|Any CPU = Debug|Any CPU
		Release|Any CPU = Release|Any CPU
	EndGlobalSection
	GlobalSection(ProjectConfigurationPlatforms) = postSolution
		{D49D824B-81EA-4A46-9F8B-0ED12A529782}.Debug|Any CPU.ActiveCfg = Debug|Any CPU
		{D49D824B-81EA-4A46-9F8B-0ED12A529782}.Debug|Any CPU.Build.0 = Debug|Any CPU
		{D49D824B-81EA-4A46-9F8B-0ED12A529782}.Release|Any CPU.ActiveCfg = Release|Any CPU
		{D49D824B-81EA-4A46-9F8B-0ED12A529782}.Release|Any CPU.Build.0 = Release|Any CPU
	EndGlobalSection
	GlobalSection(SolutionProperties) = preSolution
		HideSolutionNode = FALSE
	EndGlobalSection
	GlobalSection(ExtensibilityGlobals) = postSolution
		SolutionGuid = {DAAF54FD-5EFB-40CD-A7C2-D80B90E69A29}
	EndGlobalSection
EndGlobal
